
Microsoft Visual Studio Solution File, Format Version 12.00
# Visual Studio Version 17
VisualStudioVersion = 17.8.34601.278
MinimumVisualStudioVersion = 10.0.40219.1
Project("{FAE04EC0-301F-11D3-BF4B-00C04F79EFBC}") = "ActorsREST", "ActorsREST\ActorsREST.csproj", "{E078567E-B2FB-4F64-BCCE-3EB5C99E8667}"
EndProject
Global
	GlobalSection(SolutionConfigurationPlatforms) = preSolution
		Debug|Any CPU = Debug|Any CPU
		Release|Any CPU = Release|Any CPU
	EndGlobalSection
	GlobalSection(ProjectConfigurationPlatforms) = postSolution
		{E078567E-B2FB-4F64-BCCE-3EB5C99E8667}.Debug|Any CPU.ActiveCfg = Debug|Any CPU
		{E078567E-B2FB-4F64-BCCE-3EB5C99E8667}.Debug|Any CPU.Build.0 = Debug|Any CPU
		{E078567E-B2FB-4F64-BCCE-3EB5C99E8667}.Release|Any CPU.ActiveCfg = Release|Any CPU
		{E078567E-B2FB-4F64-BCCE-3EB5C99E8667}.Release|Any CPU.Build.0 = Release|Any CPU
	EndGlobalSection
	GlobalSection(SolutionProperties) = preSolution
		HideSolutionNode = FALSE
	EndGlobalSection
	GlobalSection(ExtensibilityGlobals) = postSolution
		SolutionGuid = {FC68C9F7-B873-4426-8DB6-529824DCD2DC}
	EndGlobalSection
EndGlobal
